<?xml version="1.0" encoding="UTF-8"?>
<Scheme
   LastUpgradeVersion = "0460"
   version = "1.3">
   <BuildAction
      parallelizeBuildables = "NO"
      buildImplicitDependencies = "NO">
      <BuildActionEntries>
         <BuildActionEntry
            buildForTesting = "YES"
            buildForRunning = "YES"
            buildForProfiling = "YES"
            buildForArchiving = "YES"
            buildForAnalyzing = "YES">
            <BuildableReference
               BuildableIdentifier = "primary"
               BlueprintIdentifier = "C4489A59316C42678A6858FB"
               BuildableName = "libPods-OBSlider.a"
               BlueprintName = "Pods-OBSlider"
               ReferencedContainer = "container:Pods/Pods.xcodeproj">
            </BuildableReference>
         </BuildActionEntry>
         <BuildActionEntry
            buildForTesting = "YES"
            buildForRunning = "YES"
            buildForProfiling = "YES"
            buildForArchiving = "YES"
            buildForAnalyzing = "YES">
            <BuildableReference
               BuildableIdentifier = "primary"
               BlueprintIdentifier = "1558A557351A4DCD9D65F761"
               BuildableName = "libPods.a"
               BlueprintName = "Pods"
               ReferencedContainer = "container:Pods/Pods.xcodeproj">
            </BuildableReference>
         </BuildActionEntry>
         <BuildActionEntry
            buildForTesting = "YES"
            buildForRunning = "YES"
            buildForProfiling = "YES"
            buildForArchiving = "YES"
            buildForAnalyzing = "YES">
            <BuildableReference
               BuildableIdentifier = "primary"
               BlueprintIdentifier = "52237BFDCABB412589A0D135"
               BuildableName = "libPods-BeamMusicPlayerExampleTests-OCMock.a"
               BlueprintName = "Pods-BeamMusicPlayerExampleTests-OCMock"
               ReferencedContainer = "container:Pods/Pods.xcodeproj">
            </BuildableReference>
         </BuildActionEntry>
         <BuildActionEntry
            buildForTesting = "YES"
            buildForRunning = "YES"
            buildForProfiling = "YES"
            buildForArchiving = "YES"
            buildForAnalyzing = "YES">
            <BuildableReference
               BuildableIdentifier = "primary"
               BlueprintIdentifier = "0E34F283BFFA49B488F16549"
               BuildableName = "libPods-BeamMusicPlayerExampleTests.a"
               BlueprintName = "Pods-BeamMusicPlayerExampleTests"
               ReferencedContainer = "container:Pods/Pods.xcodeproj">
            </BuildableReference>
         </BuildActionEntry>
         <BuildActionEntry
            buildForTesting = "YES"
            buildForRunning = "YES"
            buildForProfiling = "YES"
            buildForArchiving = "YES"
            buildForAnalyzing = "YES">
            <BuildableReference
               BuildableIdentifier = "primary"
               BlueprintIdentifier = "97B7AA2D15760AAF0014E693"
               BuildableName = "BeamMusicPlayerExample.app"
               BlueprintName = "BeamMusicPlayerExample"
               ReferencedContainer = "container:BeamMusicPlayerExample.xcodeproj">
            </BuildableReference>
         </BuildActionEntry>
      </BuildActionEntries>
   </BuildAction>
   <TestAction
      selectedDebuggerIdentifier = "Xcode.DebuggerFoundation.Debugger.LLDB"
      selectedLauncherIdentifier = "Xcode.DebuggerFoundation.Launcher.LLDB"
      shouldUseLaunchSchemeArgsEnv = "YES"
      buildConfiguration = "Debug">
      <Testables>
         <TestableReference
            skipped = "NO">
            <BuildableReference
               BuildableIdentifier = "primary"
               BlueprintIdentifier = "97B7AA5115760AAF0014E693"
               BuildableName = "BeamMusicPlayerExampleTests.octest"
               BlueprintName = "BeamMusicPlayerExampleTests"
               ReferencedContainer = "container:BeamMusicPlayerExample.xcodeproj">
            </BuildableReference>
         </TestableReference>
      </Testables>
      <MacroExpansion>
         <BuildableReference
            BuildableIdentifier = "primary"
            BlueprintIdentifier = "97B7AA2D15760AAF0014E693"
            BuildableName = "BeamMusicPlayerExample.app"
            BlueprintName = "BeamMusicPlayerExample"
            ReferencedContainer = "container:BeamMusicPlayerExample.xcodeproj">
         </BuildableReference>
      </MacroExpansion>
   </TestAction>
   <LaunchAction
      selectedDebuggerIdentifier = "Xcode.DebuggerFoundation.Debugger.LLDB"
      selectedLauncherIdentifier = "Xcode.DebuggerFoundation.Launcher.LLDB"
      launchStyle = "0"
      useCustomWorkingDirectory = "NO"
      buildConfiguration = "Debug"
      ignoresPersistentStateOnLaunch = "NO"
      debugDocumentVersioning = "YES"
      allowLocationSimulation = "YES">
      <BuildableProductRunnable>
         <BuildableReference
            BuildableIdentifier = "primary"
            BlueprintIdentifier = "97B7AA2D15760AAF0014E693"
            BuildableName = "BeamMusicPlayerExample.app"
            BlueprintName = "BeamMusicPlayerExample"
            ReferencedContainer = "container:BeamMusicPlayerExample.xcodeproj">
         </BuildableReference>
      </BuildableProductRunnable>
      <AdditionalOptions>
      </AdditionalOptions>
   </LaunchAction>
   <ProfileAction
      shouldUseLaunchSchemeArgsEnv = "YES"
      savedToolIdentifier = ""
      useCustomWorkingDirectory = "NO"
      buildConfiguration = "Release"
      debugDocumentVersioning = "YES">
      <BuildableProductRunnable>
         <BuildableReference
            BuildableIdentifier = "primary"
            BlueprintIdentifier = "97B7AA2D15760AAF0014E693"
            BuildableName = "BeamMusicPlayerExample.app"
            BlueprintName = "BeamMusicPlayerExample"
            ReferencedContainer = "container:BeamMusicPlayerExample.xcodeproj">
         </BuildableReference>
      </BuildableProductRunnable>
   </ProfileAction>
   <AnalyzeAction
      buildConfiguration = "Debug">
   </AnalyzeAction>
   <ArchiveAction
      buildConfiguration = "Release"
      revealArchiveInOrganizer = "YES">
   </ArchiveAction>
</Scheme>
