// !$*UTF8*$!
{
	archiveVersion = 1;
	classes = {
	};
	objectVersion = 46;
	objects = {

/* Begin PBXBuildFile section */
		6164600534AD45B89AACF5D9 /* libPods.a in Frameworks */ = {isa = PBXBuildFile; fileRef = D255CDAD8A6E4F49A1799F78 /* libPods.a */; };
		9708EED51579146F0097F43F /* BeamMinimalExampleProvider.m in Sources */ = {isa = PBXBuildFile; fileRef = 9708EED41579146F0097F43F /* BeamMinimalExampleProvider.m */; };
		9755DAA21578C2BE00B5431E /* QuartzCore.framework in Frameworks */ = {isa = PBXBuildFile; fileRef = 9755DAA11578C2BE00B5431E /* QuartzCore.framework */; };
		97B7AA3315760AAF0014E693 /* UIKit.framework in Frameworks */ = {isa = PBXBuildFile; fileRef = 97B7AA3215760AAF0014E693 /* UIKit.framework */; };
		97B7AA3515760AAF0014E693 /* Foundation.framework in Frameworks */ = {isa = PBXBuildFile; fileRef = 97B7AA3415760AAF0014E693 /* Foundation.framework */; };
		97B7AA3715760AAF0014E693 /* CoreGraphics.framework in Frameworks */ = {isa = PBXBuildFile; fileRef = 97B7AA3615760AAF0014E693 /* CoreGraphics.framework */; };
		97B7AA3D15760AAF0014E693 /* InfoPlist.strings in Resources */ = {isa = PBXBuildFile; fileRef = 97B7AA3B15760AAF0014E693 /* InfoPlist.strings */; };
		97B7AA3F15760AAF0014E693 /* main.m in Sources */ = {isa = PBXBuildFile; fileRef = 97B7AA3E15760AAF0014E693 /* main.m */; };
		97B7AA4315760AAF0014E693 /* BeamAppDelegate.m in Sources */ = {isa = PBXBuildFile; fileRef = 97B7AA4215760AAF0014E693 /* BeamAppDelegate.m */; };
		97B7AA5415760AAF0014E693 /* SenTestingKit.framework in Frameworks */ = {isa = PBXBuildFile; fileRef = 97B7AA5315760AAF0014E693 /* SenTestingKit.framework */; };
		97B7AA5515760AAF0014E693 /* UIKit.framework in Frameworks */ = {isa = PBXBuildFile; fileRef = 97B7AA3215760AAF0014E693 /* UIKit.framework */; };
		97B7AA5615760AAF0014E693 /* Foundation.framework in Frameworks */ = {isa = PBXBuildFile; fileRef = 97B7AA3415760AAF0014E693 /* Foundation.framework */; };
		97B7AA5E15760AAF0014E693 /* InfoPlist.strings in Resources */ = {isa = PBXBuildFile; fileRef = 97B7AA5C15760AAF0014E693 /* InfoPlist.strings */; };
		97B7AA6115760AAF0014E693 /* BeamMusicPlayerExampleTests.m in Sources */ = {isa = PBXBuildFile; fileRef = 97B7AA6015760AAF0014E693 /* BeamMusicPlayerExampleTests.m */; };
		97CA282D1577B6A9003D8938 /* MediaPlayer.framework in Frameworks */ = {isa = PBXBuildFile; fileRef = 97CA282C1577B6A9003D8938 /* MediaPlayer.framework */; };
		CAD8534D7F2E416582F6286D /* libPods-BeamMusicPlayerExampleTests.a in Frameworks */ = {isa = PBXBuildFile; fileRef = 987337C95B38471493465F78 /* libPods-BeamMusicPlayerExampleTests.a */; };
		CB0DC5AB15B71C940045921A /* BeamMPMusicPlayerProviderTests.m in Sources */ = {isa = PBXBuildFile; fileRef = CB0DC5AA15B71C940045921A /* BeamMPMusicPlayerProviderTests.m */; };
		CB273946174BA38100977530 /* Default-568h@2x.png in Resources */ = {isa = PBXBuildFile; fileRef = CB273945174BA38100977530 /* Default-568h@2x.png */; };
		CB397C8A16525BD800A90C78 /* AVFoundation.framework in Frameworks */ = {isa = PBXBuildFile; fileRef = CB397C8916525BD800A90C78 /* AVFoundation.framework */; };
		CB46FE17157955B7004BE46A /* BeamMusicPlayerViewControllerTests.m in Sources */ = {isa = PBXBuildFile; fileRef = CB46FE16157955B7004BE46A /* BeamMusicPlayerViewControllerTests.m */; };
		CB7723AF174E51ED0022EF58 /* BeamAVMusicPlayerProviderTests.m in Sources */ = {isa = PBXBuildFile; fileRef = CB7723AE174E51ED0022EF58 /* BeamAVMusicPlayerProviderTests.m */; };
		CBF68D25174FBD62005C6B47 /* BeamMusicPlayerTakeScreenshotsTests.m in Sources */ = {isa = PBXBuildFile; fileRef = CBF68D24174FBD62005C6B47 /* BeamMusicPlayerTakeScreenshotsTests.m */; };
		CBF68D26174FC0FE005C6B47 /* CoreGraphics.framework in Frameworks */ = {isa = PBXBuildFile; fileRef = 97B7AA3615760AAF0014E693 /* CoreGraphics.framework */; };
/* End PBXBuildFile section */

/* Begin PBXContainerItemProxy section */
		97B7AA5715760AAF0014E693 /* PBXContainerItemProxy */ = {
			isa = PBXContainerItemProxy;
			containerPortal = 97B7AA2515760AAD0014E693 /* Project object */;
			proxyType = 1;
			remoteGlobalIDString = 97B7AA2D15760AAF0014E693;
			remoteInfo = BeamMusicPlayerExample;
		};
/* End PBXContainerItemProxy section */

/* Begin PBXFileReference section */
		0AB0B18603F24A928F0C5160 /* Pods-BeamMusicPlayerExampleTests.xcconfig */ = {isa = PBXFileReference; includeInIndex = 1; lastKnownFileType = text.xcconfig; name = "Pods-BeamMusicPlayerExampleTests.xcconfig"; path = "Pods/Pods-BeamMusicPlayerExampleTests.xcconfig"; sourceTree = SOURCE_ROOT; };
		92FDA17ACE6F4C928D2E08D9 /* Pods.xcconfig */ = {isa = PBXFileReference; includeInIndex = 1; lastKnownFileType = text.xcconfig; name = Pods.xcconfig; path = Pods/Pods.xcconfig; sourceTree = SOURCE_ROOT; };
		9708EED31579146F0097F43F /* BeamMinimalExampleProvider.h */ = {isa = PBXFileReference; fileEncoding = 4; lastKnownFileType = sourcecode.c.h; path = BeamMinimalExampleProvider.h; sourceTree = "<group>"; };
		9708EED41579146F0097F43F /* BeamMinimalExampleProvider.m */ = {isa = PBXFileReference; fileEncoding = 4; lastKnownFileType = sourcecode.c.objc; path = BeamMinimalExampleProvider.m; sourceTree = "<group>"; };
		9755DAA11578C2BE00B5431E /* QuartzCore.framework */ = {isa = PBXFileReference; includeInIndex = 1; lastKnownFileType = wrapper.framework; name = QuartzCore.framework; path = System/Library/Frameworks/QuartzCore.framework; sourceTree = SDKROOT; };
		97B7AA2E15760AAF0014E693 /* BeamMusicPlayerExample.app */ = {isa = PBXFileReference; explicitFileType = wrapper.application; includeInIndex = 0; path = BeamMusicPlayerExample.app; sourceTree = BUILT_PRODUCTS_DIR; };
		97B7AA3215760AAF0014E693 /* UIKit.framework */ = {isa = PBXFileReference; includeInIndex = 1; lastKnownFileType = wrapper.framework; name = UIKit.framework; path = System/Library/Frameworks/UIKit.framework; sourceTree = SDKROOT; };
		97B7AA3415760AAF0014E693 /* Foundation.framework */ = {isa = PBXFileReference; includeInIndex = 1; lastKnownFileType = wrapper.framework; name = Foundation.framework; path = System/Library/Frameworks/Foundation.framework; sourceTree = SDKROOT; };
		97B7AA3615760AAF0014E693 /* CoreGraphics.framework */ = {isa = PBXFileReference; includeInIndex = 1; lastKnownFileType = wrapper.framework; name = CoreGraphics.framework; path = System/Library/Frameworks/CoreGraphics.framework; sourceTree = SDKROOT; };
		97B7AA3A15760AAF0014E693 /* BeamMusicPlayerExample-Info.plist */ = {isa = PBXFileReference; lastKnownFileType = text.plist.xml; path = "BeamMusicPlayerExample-Info.plist"; sourceTree = "<group>"; };
		97B7AA3C15760AAF0014E693 /* en */ = {isa = PBXFileReference; lastKnownFileType = text.plist.strings; name = en; path = en.lproj/InfoPlist.strings; sourceTree = "<group>"; };
		97B7AA3E15760AAF0014E693 /* main.m */ = {isa = PBXFileReference; lastKnownFileType = sourcecode.c.objc; path = main.m; sourceTree = "<group>"; };
		97B7AA4015760AAF0014E693 /* BeamMusicPlayerExample-Prefix.pch */ = {isa = PBXFileReference; lastKnownFileType = sourcecode.c.h; path = "BeamMusicPlayerExample-Prefix.pch"; sourceTree = "<group>"; };
		97B7AA4115760AAF0014E693 /* BeamAppDelegate.h */ = {isa = PBXFileReference; lastKnownFileType = sourcecode.c.h; path = BeamAppDelegate.h; sourceTree = "<group>"; };
		97B7AA4215760AAF0014E693 /* BeamAppDelegate.m */ = {isa = PBXFileReference; lastKnownFileType = sourcecode.c.objc; path = BeamAppDelegate.m; sourceTree = "<group>"; };
		97B7AA5215760AAF0014E693 /* BeamMusicPlayerExampleTests.octest */ = {isa = PBXFileReference; explicitFileType = wrapper.cfbundle; includeInIndex = 0; path = BeamMusicPlayerExampleTests.octest; sourceTree = BUILT_PRODUCTS_DIR; };
		97B7AA5315760AAF0014E693 /* SenTestingKit.framework */ = {isa = PBXFileReference; lastKnownFileType = wrapper.framework; name = SenTestingKit.framework; path = Library/Frameworks/SenTestingKit.framework; sourceTree = DEVELOPER_DIR; };
		97B7AA5B15760AAF0014E693 /* BeamMusicPlayerExampleTests-Info.plist */ = {isa = PBXFileReference; lastKnownFileType = text.plist.xml; path = "BeamMusicPlayerExampleTests-Info.plist"; sourceTree = "<group>"; };
		97B7AA5D15760AAF0014E693 /* en */ = {isa = PBXFileReference; lastKnownFileType = text.plist.strings; name = en; path = en.lproj/InfoPlist.strings; sourceTree = "<group>"; };
		97B7AA5F15760AAF0014E693 /* BeamMusicPlayerExampleTests.h */ = {isa = PBXFileReference; lastKnownFileType = sourcecode.c.h; path = BeamMusicPlayerExampleTests.h; sourceTree = "<group>"; };
		97B7AA6015760AAF0014E693 /* BeamMusicPlayerExampleTests.m */ = {isa = PBXFileReference; lastKnownFileType = sourcecode.c.objc; path = BeamMusicPlayerExampleTests.m; sourceTree = "<group>"; };
		97CA282C1577B6A9003D8938 /* MediaPlayer.framework */ = {isa = PBXFileReference; includeInIndex = 1; lastKnownFileType = wrapper.framework; name = MediaPlayer.framework; path = System/Library/Frameworks/MediaPlayer.framework; sourceTree = SDKROOT; };
		987337C95B38471493465F78 /* libPods-BeamMusicPlayerExampleTests.a */ = {isa = PBXFileReference; explicitFileType = archive.ar; includeInIndex = 0; path = "libPods-BeamMusicPlayerExampleTests.a"; sourceTree = BUILT_PRODUCTS_DIR; };
		CB0DC5A915B71C940045921A /* BeamMPMusicPlayerProviderTests.h */ = {isa = PBXFileReference; fileEncoding = 4; lastKnownFileType = sourcecode.c.h; path = BeamMPMusicPlayerProviderTests.h; sourceTree = "<group>"; };
		CB0DC5AA15B71C940045921A /* BeamMPMusicPlayerProviderTests.m */ = {isa = PBXFileReference; fileEncoding = 4; lastKnownFileType = sourcecode.c.objc; path = BeamMPMusicPlayerProviderTests.m; sourceTree = "<group>"; };
		CB273945174BA38100977530 /* Default-568h@2x.png */ = {isa = PBXFileReference; lastKnownFileType = image.png; path = "Default-568h@2x.png"; sourceTree = "<group>"; };
		CB397C8716525BBF00A90C78 /* CoreAudio.framework */ = {isa = PBXFileReference; lastKnownFileType = wrapper.framework; name = CoreAudio.framework; path = System/Library/Frameworks/CoreAudio.framework; sourceTree = SDKROOT; };
		CB397C8916525BD800A90C78 /* AVFoundation.framework */ = {isa = PBXFileReference; lastKnownFileType = wrapper.framework; name = AVFoundation.framework; path = System/Library/Frameworks/AVFoundation.framework; sourceTree = SDKROOT; };
		CB46FE15157955B7004BE46A /* BeamMusicPlayerViewControllerTests.h */ = {isa = PBXFileReference; fileEncoding = 4; lastKnownFileType = sourcecode.c.h; path = BeamMusicPlayerViewControllerTests.h; sourceTree = "<group>"; };
		CB46FE16157955B7004BE46A /* BeamMusicPlayerViewControllerTests.m */ = {isa = PBXFileReference; fileEncoding = 4; lastKnownFileType = sourcecode.c.objc; path = BeamMusicPlayerViewControllerTests.m; sourceTree = "<group>"; };
		CB7723AE174E51ED0022EF58 /* BeamAVMusicPlayerProviderTests.m */ = {isa = PBXFileReference; fileEncoding = 4; lastKnownFileType = sourcecode.c.objc; path = BeamAVMusicPlayerProviderTests.m; sourceTree = "<group>"; };
		CBF68D24174FBD62005C6B47 /* BeamMusicPlayerTakeScreenshotsTests.m */ = {isa = PBXFileReference; fileEncoding = 4; lastKnownFileType = sourcecode.c.objc; path = BeamMusicPlayerTakeScreenshotsTests.m; sourceTree = "<group>"; };
		D255CDAD8A6E4F49A1799F78 /* libPods.a */ = {isa = PBXFileReference; explicitFileType = archive.ar; includeInIndex = 0; path = libPods.a; sourceTree = BUILT_PRODUCTS_DIR; };
/* End PBXFileReference section */

/* Begin PBXFrameworksBuildPhase section */
		97B7AA2B15760AAF0014E693 /* Frameworks */ = {
			isa = PBXFrameworksBuildPhase;
			buildActionMask = 2147483647;
			files = (
				CB397C8A16525BD800A90C78 /* AVFoundation.framework in Frameworks */,
				9755DAA21578C2BE00B5431E /* QuartzCore.framework in Frameworks */,
				97CA282D1577B6A9003D8938 /* MediaPlayer.framework in Frameworks */,
				97B7AA3315760AAF0014E693 /* UIKit.framework in Frameworks */,
				97B7AA3515760AAF0014E693 /* Foundation.framework in Frameworks */,
				97B7AA3715760AAF0014E693 /* CoreGraphics.framework in Frameworks */,
				6164600534AD45B89AACF5D9 /* libPods.a in Frameworks */,
			);
			runOnlyForDeploymentPostprocessing = 0;
		};
		97B7AA4E15760AAF0014E693 /* Frameworks */ = {
			isa = PBXFrameworksBuildPhase;
			buildActionMask = 2147483647;
			files = (
				CBF68D26174FC0FE005C6B47 /* CoreGraphics.framework in Frameworks */,
				97B7AA5415760AAF0014E693 /* SenTestingKit.framework in Frameworks */,
				97B7AA5515760AAF0014E693 /* UIKit.framework in Frameworks */,
				97B7AA5615760AAF0014E693 /* Foundation.framework in Frameworks */,
				CAD8534D7F2E416582F6286D /* libPods-BeamMusicPlayerExampleTests.a in Frameworks */,
			);
			runOnlyForDeploymentPostprocessing = 0;
		};
/* End PBXFrameworksBuildPhase section */

/* Begin PBXGroup section */
		9708EED11579143C0097F43F /* Example Providers */ = {
			isa = PBXGroup;
			children = (
				9708EED31579146F0097F43F /* BeamMinimalExampleProvider.h */,
				9708EED41579146F0097F43F /* BeamMinimalExampleProvider.m */,
			);
			path = "Example Providers";
			sourceTree = "<group>";
		};
		97B7AA2315760AAD0014E693 = {
			isa = PBXGroup;
			children = (
				97B7AA3815760AAF0014E693 /* BeamMusicPlayerExample */,
				97B7AA5915760AAF0014E693 /* BeamMusicPlayerExampleTests */,
				97B7AA3115760AAF0014E693 /* Frameworks */,
				97B7AA2F15760AAF0014E693 /* Products */,
				92FDA17ACE6F4C928D2E08D9 /* Pods.xcconfig */,
				0AB0B18603F24A928F0C5160 /* Pods-BeamMusicPlayerExampleTests.xcconfig */,
			);
			sourceTree = "<group>";
		};
		97B7AA2F15760AAF0014E693 /* Products */ = {
			isa = PBXGroup;
			children = (
				97B7AA2E15760AAF0014E693 /* BeamMusicPlayerExample.app */,
				97B7AA5215760AAF0014E693 /* BeamMusicPlayerExampleTests.octest */,
			);
			name = Products;
			sourceTree = "<group>";
		};
		97B7AA3115760AAF0014E693 /* Frameworks */ = {
			isa = PBXGroup;
			children = (
				97B7AA3215760AAF0014E693 /* UIKit.framework */,
				97B7AA3415760AAF0014E693 /* Foundation.framework */,
				97B7AA3615760AAF0014E693 /* CoreGraphics.framework */,
				97B7AA5315760AAF0014E693 /* SenTestingKit.framework */,
				CB397C8916525BD800A90C78 /* AVFoundation.framework */,
				CB397C8716525BBF00A90C78 /* CoreAudio.framework */,
				9755DAA11578C2BE00B5431E /* QuartzCore.framework */,
				97CA282C1577B6A9003D8938 /* MediaPlayer.framework */,
				D255CDAD8A6E4F49A1799F78 /* libPods.a */,
				987337C95B38471493465F78 /* libPods-BeamMusicPlayerExampleTests.a */,
			);
			name = Frameworks;
			sourceTree = "<group>";
		};
		97B7AA3815760AAF0014E693 /* BeamMusicPlayerExample */ = {
			isa = PBXGroup;
			children = (
				97B7AA4115760AAF0014E693 /* BeamAppDelegate.h */,
				97B7AA4215760AAF0014E693 /* BeamAppDelegate.m */,
				9708EED11579143C0097F43F /* Example Providers */,
				97B7AA3915760AAF0014E693 /* Supporting Files */,
			);
			path = BeamMusicPlayerExample;
			sourceTree = "<group>";
		};
		97B7AA3915760AAF0014E693 /* Supporting Files */ = {
			isa = PBXGroup;
			children = (
				CB273945174BA38100977530 /* Default-568h@2x.png */,
				97B7AA3A15760AAF0014E693 /* BeamMusicPlayerExample-Info.plist */,
				97B7AA3B15760AAF0014E693 /* InfoPlist.strings */,
				97B7AA3E15760AAF0014E693 /* main.m */,
				97B7AA4015760AAF0014E693 /* BeamMusicPlayerExample-Prefix.pch */,
			);
			name = "Supporting Files";
			sourceTree = "<group>";
		};
		97B7AA5915760AAF0014E693 /* BeamMusicPlayerExampleTests */ = {
			isa = PBXGroup;
			children = (
				97B7AA5A15760AAF0014E693 /* Supporting Files */,
				97B7AA5F15760AAF0014E693 /* BeamMusicPlayerExampleTests.h */,
				97B7AA6015760AAF0014E693 /* BeamMusicPlayerExampleTests.m */,
				CB7723AE174E51ED0022EF58 /* BeamAVMusicPlayerProviderTests.m */,
				CB46FE15157955B7004BE46A /* BeamMusicPlayerViewControllerTests.h */,
				CB46FE16157955B7004BE46A /* BeamMusicPlayerViewControllerTests.m */,
				CB0DC5A915B71C940045921A /* BeamMPMusicPlayerProviderTests.h */,
				CB0DC5AA15B71C940045921A /* BeamMPMusicPlayerProviderTests.m */,
				CBF68D24174FBD62005C6B47 /* BeamMusicPlayerTakeScreenshotsTests.m */,
			);
			path = BeamMusicPlayerExampleTests;
			sourceTree = "<group>";
		};
		97B7AA5A15760AAF0014E693 /* Supporting Files */ = {
			isa = PBXGroup;
			children = (
				97B7AA5B15760AAF0014E693 /* BeamMusicPlayerExampleTests-Info.plist */,
				97B7AA5C15760AAF0014E693 /* InfoPlist.strings */,
			);
			name = "Supporting Files";
			sourceTree = "<group>";
		};
/* End PBXGroup section */

/* Begin PBXLegacyTarget section */
		CB35A70015769221008318EE /* appledoc */ = {
			isa = PBXLegacyTarget;
			buildArgumentsString = "${PROJECT_DIR}/travis/appledoc.sh ${PROJECT_DIR}";
			buildConfigurationList = CB35A70115769221008318EE /* Build configuration list for PBXLegacyTarget "appledoc" */;
			buildPhases = (
			);
			buildToolPath = /bin/sh;
			buildWorkingDirectory = "";
			dependencies = (
			);
			name = appledoc;
			passBuildSettingsInEnvironment = 1;
			productName = appledoc;
		};
/* End PBXLegacyTarget section */

/* Begin PBXNativeTarget section */
		97B7AA2D15760AAF0014E693 /* BeamMusicPlayerExample */ = {
			isa = PBXNativeTarget;
			buildConfigurationList = 97B7AA6415760AAF0014E693 /* Build configuration list for PBXNativeTarget "BeamMusicPlayerExample" */;
			buildPhases = (
				97B7AA2A15760AAF0014E693 /* Sources */,
				97B7AA2B15760AAF0014E693 /* Frameworks */,
				97B7AA2C15760AAF0014E693 /* Resources */,
				DDDD25C059DA4E59B0D1A0AE /* Copy Pods Resources */,
			);
			buildRules = (
			);
			dependencies = (
			);
			name = BeamMusicPlayerExample;
			productName = BeamMusicPlayerExample;
			productReference = 97B7AA2E15760AAF0014E693 /* BeamMusicPlayerExample.app */;
			productType = "com.apple.product-type.application";
		};
		97B7AA5115760AAF0014E693 /* BeamMusicPlayerExampleTests */ = {
			isa = PBXNativeTarget;
			buildConfigurationList = 97B7AA6715760AAF0014E693 /* Build configuration list for PBXNativeTarget "BeamMusicPlayerExampleTests" */;
			buildPhases = (
				3512CD7B141C47FB9A10148F /* Check Pods Manifest.lock */,
				97B7AA4D15760AAF0014E693 /* Sources */,
				97B7AA4E15760AAF0014E693 /* Frameworks */,
				97B7AA4F15760AAF0014E693 /* Resources */,
				97B7AA5015760AAF0014E693 /* ShellScript */,
				1EE4C0C43A0F4680B1AC6E0F /* Copy Pods Resources */,
			);
			buildRules = (
			);
			dependencies = (
				97B7AA5815760AAF0014E693 /* PBXTargetDependency */,
			);
			name = BeamMusicPlayerExampleTests;
			productName = BeamMusicPlayerExampleTests;
			productReference = 97B7AA5215760AAF0014E693 /* BeamMusicPlayerExampleTests.octest */;
			productType = "com.apple.product-type.bundle";
		};
/* End PBXNativeTarget section */

/* Begin PBXProject section */
		97B7AA2515760AAD0014E693 /* Project object */ = {
			isa = PBXProject;
			attributes = {
				CLASSPREFIX = Beam;
				LastUpgradeCheck = 0460;
				ORGANIZATIONNAME = n/a;
			};
			buildConfigurationList = 97B7AA2815760AAD0014E693 /* Build configuration list for PBXProject "BeamMusicPlayerExample" */;
			compatibilityVersion = "Xcode 3.2";
			developmentRegion = English;
			hasScannedForEncodings = 0;
			knownRegions = (
				en,
			);
			mainGroup = 97B7AA2315760AAD0014E693;
			productRefGroup = 97B7AA2F15760AAF0014E693 /* Products */;
			projectDirPath = "";
			projectRoot = "";
			targets = (
				97B7AA2D15760AAF0014E693 /* BeamMusicPlayerExample */,
				97B7AA5115760AAF0014E693 /* BeamMusicPlayerExampleTests */,
				CB35A70015769221008318EE /* appledoc */,
			);
		};
/* End PBXProject section */

/* Begin PBXResourcesBuildPhase section */
		97B7AA2C15760AAF0014E693 /* Resources */ = {
			isa = PBXResourcesBuildPhase;
			buildActionMask = 2147483647;
			files = (
				97B7AA3D15760AAF0014E693 /* InfoPlist.strings in Resources */,
				CB273946174BA38100977530 /* Default-568h@2x.png in Resources */,
			);
			runOnlyForDeploymentPostprocessing = 0;
		};
		97B7AA4F15760AAF0014E693 /* Resources */ = {
			isa = PBXResourcesBuildPhase;
			buildActionMask = 2147483647;
			files = (
				97B7AA5E15760AAF0014E693 /* InfoPlist.strings in Resources */,
			);
			runOnlyForDeploymentPostprocessing = 0;
		};
/* End PBXResourcesBuildPhase section */

/* Begin PBXShellScriptBuildPhase section */
		1EE4C0C43A0F4680B1AC6E0F /* Copy Pods Resources */ = {
			isa = PBXShellScriptBuildPhase;
			buildActionMask = 2147483647;
			files = (
			);
			inputPaths = (
			);
			name = "Copy Pods Resources";
			outputPaths = (
			);
			runOnlyForDeploymentPostprocessing = 0;
			shellPath = /bin/sh;
			shellScript = "\"${SRCROOT}/Pods/Pods-BeamMusicPlayerExampleTests-resources.sh\"\n";
		};
		3512CD7B141C47FB9A10148F /* Check Pods Manifest.lock */ = {
			isa = PBXShellScriptBuildPhase;
			buildActionMask = 2147483647;
			files = (
			);
			inputPaths = (
			);
			name = "Check Pods Manifest.lock";
			outputPaths = (
			);
			runOnlyForDeploymentPostprocessing = 0;
			shellPath = /bin/sh;
			shellScript = "diff \"${PODS_ROOT}/../Podfile.lock\" \"${PODS_ROOT}/Manifest.lock\" > /dev/null\nif [[ $? != 0 ]] ; then\n    cat << EOM\nerror: The sandbox is not in sync with the Podfile.lock. Run 'pod install' or update your CocoaPods installation.\nEOM\n    exit 1\nfi\n";
		};
		97B7AA5015760AAF0014E693 /* ShellScript */ = {
			isa = PBXShellScriptBuildPhase;
			buildActionMask = 2147483647;
			files = (
			);
			inputPaths = (
			);
			outputPaths = (
			);
			runOnlyForDeploymentPostprocessing = 0;
			shellPath = /bin/sh;
			shellScript = "# Run the unit tests in this test bundle.\n\"${SYSTEM_DEVELOPER_DIR}/Tools/RunUnitTests\"\n";
		};
		DDDD25C059DA4E59B0D1A0AE /* Copy Pods Resources */ = {
			isa = PBXShellScriptBuildPhase;
			buildActionMask = 2147483647;
			files = (
			);
			inputPaths = (
			);
			name = "Copy Pods Resources";
			outputPaths = (
			);
			runOnlyForDeploymentPostprocessing = 0;
			shellPath = /bin/sh;
			shellScript = "\"${SRCROOT}/Pods/Pods-resources.sh\"\n";
		};
/* End PBXShellScriptBuildPhase section */

/* Begin PBXSourcesBuildPhase section */
		97B7AA2A15760AAF0014E693 /* Sources */ = {
			isa = PBXSourcesBuildPhase;
			buildActionMask = 2147483647;
			files = (
				97B7AA3F15760AAF0014E693 /* main.m in Sources */,
				97B7AA4315760AAF0014E693 /* BeamAppDelegate.m in Sources */,
				9708EED51579146F0097F43F /* BeamMinimalExampleProvider.m in Sources */,
			);
			runOnlyForDeploymentPostprocessing = 0;
		};
		97B7AA4D15760AAF0014E693 /* Sources */ = {
			isa = PBXSourcesBuildPhase;
			buildActionMask = 2147483647;
			files = (
				97B7AA6115760AAF0014E693 /* BeamMusicPlayerExampleTests.m in Sources */,
				CB46FE17157955B7004BE46A /* BeamMusicPlayerViewControllerTests.m in Sources */,
				CB0DC5AB15B71C940045921A /* BeamMPMusicPlayerProviderTests.m in Sources */,
				CB7723AF174E51ED0022EF58 /* BeamAVMusicPlayerProviderTests.m in Sources */,
				CBF68D25174FBD62005C6B47 /* BeamMusicPlayerTakeScreenshotsTests.m in Sources */,
			);
			runOnlyForDeploymentPostprocessing = 0;
		};
/* End PBXSourcesBuildPhase section */

/* Begin PBXTargetDependency section */
		97B7AA5815760AAF0014E693 /* PBXTargetDependency */ = {
			isa = PBXTargetDependency;
			target = 97B7AA2D15760AAF0014E693 /* BeamMusicPlayerExample */;
			targetProxy = 97B7AA5715760AAF0014E693 /* PBXContainerItemProxy */;
		};
/* End PBXTargetDependency section */

/* Begin PBXVariantGroup section */
		97B7AA3B15760AAF0014E693 /* InfoPlist.strings */ = {
			isa = PBXVariantGroup;
			children = (
				97B7AA3C15760AAF0014E693 /* en */,
			);
			name = InfoPlist.strings;
			sourceTree = "<group>";
		};
		97B7AA5C15760AAF0014E693 /* InfoPlist.strings */ = {
			isa = PBXVariantGroup;
			children = (
				97B7AA5D15760AAF0014E693 /* en */,
			);
			name = InfoPlist.strings;
			sourceTree = "<group>";
		};
/* End PBXVariantGroup section */

/* Begin XCBuildConfiguration section */
		97B7AA6215760AAF0014E693 /* Debug */ = {
			isa = XCBuildConfiguration;
			buildSettings = {
				ALWAYS_SEARCH_USER_PATHS = NO;
				ARCHS = "$(ARCHS_STANDARD_32_BIT)";
				CLANG_ENABLE_OBJC_ARC = YES;
				CLANG_WARN_CONSTANT_CONVERSION = YES;
				CLANG_WARN_ENUM_CONVERSION = YES;
				CLANG_WARN_INT_CONVERSION = YES;
				CLANG_WARN__DUPLICATE_METHOD_MATCH = YES;
				"CODE_SIGN_IDENTITY[sdk=iphoneos*]" = "iPhone Developer";
				COPY_PHASE_STRIP = NO;
				GCC_C_LANGUAGE_STANDARD = gnu99;
				GCC_DYNAMIC_NO_PIC = NO;
				GCC_OPTIMIZATION_LEVEL = 0;
				GCC_PREPROCESSOR_DEFINITIONS = (
					"DEBUG=1",
					"$(inherited)",
				);
				GCC_SYMBOLS_PRIVATE_EXTERN = NO;
				GCC_VERSION = com.apple.compilers.llvm.clang.1_0;
				GCC_WARN_ABOUT_RETURN_TYPE = YES;
				GCC_WARN_UNINITIALIZED_AUTOS = YES;
				GCC_WARN_UNUSED_VARIABLE = YES;
				IPHONEOS_DEPLOYMENT_TARGET = 5.0;
				SDKROOT = iphoneos;
				TARGETED_DEVICE_FAMILY = "1,2";
			};
			name = Debug;
		};
		97B7AA6315760AAF0014E693 /* Release */ = {
			isa = XCBuildConfiguration;
			buildSettings = {
				ALWAYS_SEARCH_USER_PATHS = NO;
				ARCHS = "$(ARCHS_STANDARD_32_BIT)";
				CLANG_ENABLE_OBJC_ARC = YES;
				CLANG_WARN_CONSTANT_CONVERSION = YES;
				CLANG_WARN_ENUM_CONVERSION = YES;
				CLANG_WARN_INT_CONVERSION = YES;
				CLANG_WARN__DUPLICATE_METHOD_MATCH = YES;
				"CODE_SIGN_IDENTITY[sdk=iphoneos*]" = "iPhone Developer";
				COPY_PHASE_STRIP = YES;
				GCC_C_LANGUAGE_STANDARD = gnu99;
				GCC_VERSION = com.apple.compilers.llvm.clang.1_0;
				GCC_WARN_ABOUT_RETURN_TYPE = YES;
				GCC_WARN_UNINITIALIZED_AUTOS = YES;
				GCC_WARN_UNUSED_VARIABLE = YES;
				IPHONEOS_DEPLOYMENT_TARGET = 5.0;
				OTHER_CFLAGS = "-DNS_BLOCK_ASSERTIONS=1";
				SDKROOT = iphoneos;
				TARGETED_DEVICE_FAMILY = "1,2";
				VALIDATE_PRODUCT = YES;
			};
			name = Release;
		};
		97B7AA6515760AAF0014E693 /* Debug */ = {
			isa = XCBuildConfiguration;
			baseConfigurationReference = 92FDA17ACE6F4C928D2E08D9 /* Pods.xcconfig */;
			buildSettings = {
				CODE_SIGN_IDENTITY = "iPhone Developer";
				GCC_PRECOMPILE_PREFIX_HEADER = YES;
				GCC_PREFIX_HEADER = "BeamMusicPlayerExample/BeamMusicPlayerExample-Prefix.pch";
				GCC_WARN_UNDECLARED_SELECTOR = YES;
				INFOPLIST_FILE = "BeamMusicPlayerExample/BeamMusicPlayerExample-Info.plist";
				IPHONEOS_DEPLOYMENT_TARGET = 5.0;
				OTHER_LDFLAGS = (
					"-ObjC",
					"-all_load",
				);
				PRODUCT_NAME = "$(TARGET_NAME)";
				PROVISIONING_PROFILE = "";
				WRAPPER_EXTENSION = app;
			};
			name = Debug;
		};
		97B7AA6615760AAF0014E693 /* Release */ = {
			isa = XCBuildConfiguration;
			baseConfigurationReference = 92FDA17ACE6F4C928D2E08D9 /* Pods.xcconfig */;
			buildSettings = {
				CODE_SIGN_IDENTITY = "iPhone Developer";
				GCC_PRECOMPILE_PREFIX_HEADER = YES;
				GCC_PREFIX_HEADER = "BeamMusicPlayerExample/BeamMusicPlayerExample-Prefix.pch";
				GCC_WARN_UNDECLARED_SELECTOR = YES;
				INFOPLIST_FILE = "BeamMusicPlayerExample/BeamMusicPlayerExample-Info.plist";
				IPHONEOS_DEPLOYMENT_TARGET = 5.0;
				OTHER_LDFLAGS = (
					"-ObjC",
					"-all_load",
				);
				PRODUCT_NAME = "$(TARGET_NAME)";
				PROVISIONING_PROFILE = "";
				WRAPPER_EXTENSION = app;
			};
			name = Release;
		};
		97B7AA6815760AAF0014E693 /* Debug */ = {
			isa = XCBuildConfiguration;
			baseConfigurationReference = 0AB0B18603F24A928F0C5160 /* Pods-BeamMusicPlayerExampleTests.xcconfig */;
			buildSettings = {
				BUNDLE_LOADER = "$(BUILT_PRODUCTS_DIR)/BeamMusicPlayerExample.app/BeamMusicPlayerExample";
				FRAMEWORK_SEARCH_PATHS = (
					"$(SDKROOT)/Developer/Library/Frameworks",
					"$(DEVELOPER_LIBRARY_DIR)/Frameworks",
				);
				GCC_PRECOMPILE_PREFIX_HEADER = YES;
				GCC_PREFIX_HEADER = "BeamMusicPlayerExample/BeamMusicPlayerExample-Prefix.pch";
				INFOPLIST_FILE = "BeamMusicPlayerExampleTests/BeamMusicPlayerExampleTests-Info.plist";
				PRODUCT_NAME = "$(TARGET_NAME)";
				TEST_HOST = "$(BUNDLE_LOADER)";
				WRAPPER_EXTENSION = octest;
			};
			name = Debug;
		};
		97B7AA6915760AAF0014E693 /* Release */ = {
			isa = XCBuildConfiguration;
			baseConfigurationReference = 0AB0B18603F24A928F0C5160 /* Pods-BeamMusicPlayerExampleTests.xcconfig */;
			buildSettings = {
				BUNDLE_LOADER = "$(BUILT_PRODUCTS_DIR)/BeamMusicPlayerExample.app/BeamMusicPlayerExample";
				FRAMEWORK_SEARCH_PATHS = (
					"$(SDKROOT)/Developer/Library/Frameworks",
					"$(DEVELOPER_LIBRARY_DIR)/Frameworks",
				);
				GCC_PRECOMPILE_PREFIX_HEADER = YES;
				GCC_PREFIX_HEADER = "BeamMusicPlayerExample/BeamMusicPlayerExample-Prefix.pch";
				INFOPLIST_FILE = "BeamMusicPlayerExampleTests/BeamMusicPlayerExampleTests-Info.plist";
				PRODUCT_NAME = "$(TARGET_NAME)";
				TEST_HOST = "$(BUNDLE_LOADER)";
				WRAPPER_EXTENSION = octest;
			};
			name = Release;
		};
		CB35A70215769221008318EE /* Debug */ = {
			isa = XCBuildConfiguration;
			buildSettings = {
				ARCHS = "$(ARCHS_STANDARD_64_BIT)";
				COMBINE_HIDPI_IMAGES = YES;
				DEBUGGING_SYMBOLS = YES;
				GCC_ENABLE_OBJC_EXCEPTIONS = YES;
				GCC_GENERATE_DEBUGGING_SYMBOLS = YES;
				GCC_OPTIMIZATION_LEVEL = 0;
				GCC_WARN_64_TO_32_BIT_CONVERSION = YES;
				MACOSX_DEPLOYMENT_TARGET = 10.7;
				ONLY_ACTIVE_ARCH = YES;
				OTHER_CFLAGS = "";
				OTHER_LDFLAGS = "";
				PRODUCT_NAME = "$(TARGET_NAME)";
				SDKROOT = macosx;
			};
			name = Debug;
		};
		CB35A70315769221008318EE /* Release */ = {
			isa = XCBuildConfiguration;
			buildSettings = {
				ARCHS = "$(ARCHS_STANDARD_64_BIT)";
				COMBINE_HIDPI_IMAGES = YES;
				DEBUG_INFORMATION_FORMAT = "dwarf-with-dsym";
				GCC_ENABLE_OBJC_EXCEPTIONS = YES;
				GCC_WARN_64_TO_32_BIT_CONVERSION = YES;
				MACOSX_DEPLOYMENT_TARGET = 10.7;
				OTHER_CFLAGS = "";
				OTHER_LDFLAGS = "";
				PRODUCT_NAME = "$(TARGET_NAME)";
				SDKROOT = macosx;
			};
			name = Release;
		};
/* End XCBuildConfiguration section */

/* Begin XCConfigurationList section */
		97B7AA2815760AAD0014E693 /* Build configuration list for PBXProject "BeamMusicPlayerExample" */ = {
			isa = XCConfigurationList;
			buildConfigurations = (
				97B7AA6215760AAF0014E693 /* Debug */,
				97B7AA6315760AAF0014E693 /* Release */,
			);
			defaultConfigurationIsVisible = 0;
			defaultConfigurationName = Release;
		};
		97B7AA6415760AAF0014E693 /* Build configuration list for PBXNativeTarget "BeamMusicPlayerExample" */ = {
			isa = XCConfigurationList;
			buildConfigurations = (
				97B7AA6515760AAF0014E693 /* Debug */,
				97B7AA6615760AAF0014E693 /* Release */,
			);
			defaultConfigurationIsVisible = 0;
			defaultConfigurationName = Release;
		};
		97B7AA6715760AAF0014E693 /* Build configuration list for PBXNativeTarget "BeamMusicPlayerExampleTests" */ = {
			isa = XCConfigurationList;
			buildConfigurations = (
				97B7AA6815760AAF0014E693 /* Debug */,
				97B7AA6915760AAF0014E693 /* Release */,
			);
			defaultConfigurationIsVisible = 0;
			defaultConfigurationName = Release;
		};
		CB35A70115769221008318EE /* Build configuration list for PBXLegacyTarget "appledoc" */ = {
			isa = XCConfigurationList;
			buildConfigurations = (
				CB35A70215769221008318EE /* Debug */,
				CB35A70315769221008318EE /* Release */,
			);
			defaultConfigurationIsVisible = 0;
			defaultConfigurationName = Release;
		};
/* End XCConfigurationList section */
	};
	rootObject = 97B7AA2515760AAD0014E693 /* Project object */;
}
