// !$*UTF8*$!
{
	archiveVersion = 1;
	classes = {
	};
	objectVersion = 46;
	objects = {

/* Begin PBXBuildFile section */
		9708EED51579146F0097F43F /* BeamMinimalExampleProvider.m in Sources */ = {isa = PBXBuildFile; fileRef = 9708EED41579146F0097F43F /* BeamMinimalExampleProvider.m */; };
		9755DA9E1578BE2800B5431E /* AutoScrollLabel.m in Sources */ = {isa = PBXBuildFile; fileRef = 9755DA9C1578BBA700B5431E /* AutoScrollLabel.m */; settings = {COMPILER_FLAGS = "-fno-objc-arc"; }; };
		9755DAA01578C20800B5431E /* fade_overlay@2x.png in Resources */ = {isa = PBXBuildFile; fileRef = 9755DA9F1578C20800B5431E /* fade_overlay@2x.png */; };
		9755DAA21578C2BE00B5431E /* QuartzCore.framework in Frameworks */ = {isa = PBXBuildFile; fileRef = 9755DAA11578C2BE00B5431E /* QuartzCore.framework */; };
		97B7AA3315760AAF0014E693 /* UIKit.framework in Frameworks */ = {isa = PBXBuildFile; fileRef = 97B7AA3215760AAF0014E693 /* UIKit.framework */; };
		97B7AA3515760AAF0014E693 /* Foundation.framework in Frameworks */ = {isa = PBXBuildFile; fileRef = 97B7AA3415760AAF0014E693 /* Foundation.framework */; };
		97B7AA3715760AAF0014E693 /* CoreGraphics.framework in Frameworks */ = {isa = PBXBuildFile; fileRef = 97B7AA3615760AAF0014E693 /* CoreGraphics.framework */; };
		97B7AA3D15760AAF0014E693 /* InfoPlist.strings in Resources */ = {isa = PBXBuildFile; fileRef = 97B7AA3B15760AAF0014E693 /* InfoPlist.strings */; };
		97B7AA3F15760AAF0014E693 /* main.m in Sources */ = {isa = PBXBuildFile; fileRef = 97B7AA3E15760AAF0014E693 /* main.m */; };
		97B7AA4315760AAF0014E693 /* BeamAppDelegate.m in Sources */ = {isa = PBXBuildFile; fileRef = 97B7AA4215760AAF0014E693 /* BeamAppDelegate.m */; };
		97B7AA5415760AAF0014E693 /* SenTestingKit.framework in Frameworks */ = {isa = PBXBuildFile; fileRef = 97B7AA5315760AAF0014E693 /* SenTestingKit.framework */; };
		97B7AA5515760AAF0014E693 /* UIKit.framework in Frameworks */ = {isa = PBXBuildFile; fileRef = 97B7AA3215760AAF0014E693 /* UIKit.framework */; };
		97B7AA5615760AAF0014E693 /* Foundation.framework in Frameworks */ = {isa = PBXBuildFile; fileRef = 97B7AA3415760AAF0014E693 /* Foundation.framework */; };
		97B7AA5E15760AAF0014E693 /* InfoPlist.strings in Resources */ = {isa = PBXBuildFile; fileRef = 97B7AA5C15760AAF0014E693 /* InfoPlist.strings */; };
		97B7AA6115760AAF0014E693 /* BeamMusicPlayerExampleTests.m in Sources */ = {isa = PBXBuildFile; fileRef = 97B7AA6015760AAF0014E693 /* BeamMusicPlayerExampleTests.m */; };
		97CA27F91577587A003D8938 /* BeamMusicPlayerViewController_iPhone.xib in Resources */ = {isa = PBXBuildFile; fileRef = 97CA27F81577587A003D8938 /* BeamMusicPlayerViewController_iPhone.xib */; };
		97CA27FC1577588D003D8938 /* BeamMusicPlayerViewController_iPad.xib in Resources */ = {isa = PBXBuildFile; fileRef = 97CA27FB1577588D003D8938 /* BeamMusicPlayerViewController_iPad.xib */; };
		97CA281C15778872003D8938 /* NSDateFormatter+Duration.m in Sources */ = {isa = PBXBuildFile; fileRef = 97CA281B15778872003D8938 /* NSDateFormatter+Duration.m */; };
		97CA28261577AF31003D8938 /* shadow.png in Resources */ = {isa = PBXBuildFile; fileRef = 97CA28251577AF31003D8938 /* shadow.png */; };
		97CA28281577AFE0003D8938 /* shadow_highlight.png in Resources */ = {isa = PBXBuildFile; fileRef = 97CA28271577AFE0003D8938 /* shadow_highlight.png */; };
		97CA282B1577B68B003D8938 /* BeamIpodExampleProvider.m in Sources */ = {isa = PBXBuildFile; fileRef = 97CA282A1577B68B003D8938 /* BeamIpodExampleProvider.m */; };
		97CA282D1577B6A9003D8938 /* MediaPlayer.framework in Frameworks */ = {isa = PBXBuildFile; fileRef = 97CA282C1577B6A9003D8938 /* MediaPlayer.framework */; };
		97DE4F221576212900D077E3 /* volume-slider-fat-filled@2x.png in Resources */ = {isa = PBXBuildFile; fileRef = 97DE4F191576212900D077E3 /* volume-slider-fat-filled@2x.png */; };
		97DE4F231576212900D077E3 /* volume-slider-fat-unfilled@2x.png in Resources */ = {isa = PBXBuildFile; fileRef = 97DE4F1A1576212900D077E3 /* volume-slider-fat-unfilled@2x.png */; };
		97DE4F241576212900D077E3 /* VolumeBlueCap@2x.png in Resources */ = {isa = PBXBuildFile; fileRef = 97DE4F1B1576212900D077E3 /* VolumeBlueCap@2x.png */; };
		97DE4F251576212900D077E3 /* VolumeBlueFill@2x.png in Resources */ = {isa = PBXBuildFile; fileRef = 97DE4F1C1576212900D077E3 /* VolumeBlueFill@2x.png */; };
		97DE4F261576212900D077E3 /* VolumeBlueTrack@2x.png in Resources */ = {isa = PBXBuildFile; fileRef = 97DE4F1D1576212900D077E3 /* VolumeBlueTrack@2x.png */; };
		97DE4F271576212900D077E3 /* VolumeKnob@2x.png in Resources */ = {isa = PBXBuildFile; fileRef = 97DE4F1E1576212900D077E3 /* VolumeKnob@2x.png */; };
		97DE4F281576212900D077E3 /* VolumeWhiteMusicCap@2x.png in Resources */ = {isa = PBXBuildFile; fileRef = 97DE4F1F1576212900D077E3 /* VolumeWhiteMusicCap@2x.png */; };
		97DE4F291576212900D077E3 /* VolumeWhiteMusicFill@2x.png in Resources */ = {isa = PBXBuildFile; fileRef = 97DE4F201576212900D077E3 /* VolumeWhiteMusicFill@2x.png */; };
		97DE4F2A1576212900D077E3 /* VolumeWhiteTrack@2x.png in Resources */ = {isa = PBXBuildFile; fileRef = 97DE4F211576212900D077E3 /* VolumeWhiteTrack@2x.png */; };
		97DE4F3215762CC200D077E3 /* OBSlider.m in Sources */ = {isa = PBXBuildFile; fileRef = 97DE4F3115762CC200D077E3 /* OBSlider.m */; settings = {COMPILER_FLAGS = "-fno-objc-arc"; }; };
		97DE4F3415762E5100D077E3 /* noartplaceholder@2x.png in Resources */ = {isa = PBXBuildFile; fileRef = 97DE4F3315762E5100D077E3 /* noartplaceholder@2x.png */; };
		97DE4F3815763A0F00D077E3 /* UIImageView+Reflection.m in Sources */ = {isa = PBXBuildFile; fileRef = 97DE4F3715763A0F00D077E3 /* UIImageView+Reflection.m */; };
		97DE4F3A157644EE00D077E3 /* play@2x.png in Resources */ = {isa = PBXBuildFile; fileRef = 97DE4F39157644EE00D077E3 /* play@2x.png */; };
		97DE4F3E1576455600D077E3 /* nexttrack@2x.png in Resources */ = {isa = PBXBuildFile; fileRef = 97DE4F3B1576455600D077E3 /* nexttrack@2x.png */; };
		97DE4F3F1576455600D077E3 /* pause@2x.png in Resources */ = {isa = PBXBuildFile; fileRef = 97DE4F3C1576455600D077E3 /* pause@2x.png */; };
		97DE4F401576455600D077E3 /* prevtrack@2x.png in Resources */ = {isa = PBXBuildFile; fileRef = 97DE4F3D1576455600D077E3 /* prevtrack@2x.png */; };
		97E9DA61157674C000620689 /* shuffle_off@2x.png in Resources */ = {isa = PBXBuildFile; fileRef = 97E9DA5F157674C000620689 /* shuffle_off@2x.png */; };
		97E9DA62157674C000620689 /* shuffle_on@2x.png in Resources */ = {isa = PBXBuildFile; fileRef = 97E9DA60157674C000620689 /* shuffle_on@2x.png */; };
		97E9DA67157674D000620689 /* repeat_off@2x.png in Resources */ = {isa = PBXBuildFile; fileRef = 97E9DA64157674D000620689 /* repeat_off@2x.png */; };
		97E9DA68157674D000620689 /* repeat_on_1@2x.png in Resources */ = {isa = PBXBuildFile; fileRef = 97E9DA65157674D000620689 /* repeat_on_1@2x.png */; };
		97E9DA69157674D000620689 /* repeat_on@2x.png in Resources */ = {isa = PBXBuildFile; fileRef = 97E9DA66157674D000620689 /* repeat_on@2x.png */; };
		97E9DA6B1576754400620689 /* scrubberglow@2x.png in Resources */ = {isa = PBXBuildFile; fileRef = 97E9DA6A1576754400620689 /* scrubberglow@2x.png */; };
		CB35A6FF1576918F008318EE /* BeamMusicPlayerViewController.m in Sources */ = {isa = PBXBuildFile; fileRef = CB35A6FE1576918F008318EE /* BeamMusicPlayerViewController.m */; };
/* End PBXBuildFile section */

/* Begin PBXContainerItemProxy section */
		97B7AA5715760AAF0014E693 /* PBXContainerItemProxy */ = {
			isa = PBXContainerItemProxy;
			containerPortal = 97B7AA2515760AAD0014E693 /* Project object */;
			proxyType = 1;
			remoteGlobalIDString = 97B7AA2D15760AAF0014E693;
			remoteInfo = BeamMusicPlayerExample;
		};
/* End PBXContainerItemProxy section */

/* Begin PBXFileReference section */
		9708EED31579146F0097F43F /* BeamMinimalExampleProvider.h */ = {isa = PBXFileReference; fileEncoding = 4; lastKnownFileType = sourcecode.c.h; name = BeamMinimalExampleProvider.h; path = "Example Providers/BeamMinimalExampleProvider.h"; sourceTree = "<group>"; };
		9708EED41579146F0097F43F /* BeamMinimalExampleProvider.m */ = {isa = PBXFileReference; fileEncoding = 4; lastKnownFileType = sourcecode.c.objc; name = BeamMinimalExampleProvider.m; path = "Example Providers/BeamMinimalExampleProvider.m"; sourceTree = "<group>"; };
		9755DA9B1578BBA700B5431E /* AutoScrollLabel.h */ = {isa = PBXFileReference; fileEncoding = 4; lastKnownFileType = sourcecode.c.h; path = AutoScrollLabel.h; sourceTree = "<group>"; };
		9755DA9C1578BBA700B5431E /* AutoScrollLabel.m */ = {isa = PBXFileReference; fileEncoding = 4; lastKnownFileType = sourcecode.c.objc; path = AutoScrollLabel.m; sourceTree = "<group>"; };
		9755DA9F1578C20800B5431E /* fade_overlay@2x.png */ = {isa = PBXFileReference; lastKnownFileType = image.png; path = "fade_overlay@2x.png"; sourceTree = "<group>"; };
		9755DAA11578C2BE00B5431E /* QuartzCore.framework */ = {isa = PBXFileReference; lastKnownFileType = wrapper.framework; name = QuartzCore.framework; path = System/Library/Frameworks/QuartzCore.framework; sourceTree = SDKROOT; };
		97B7AA2E15760AAF0014E693 /* BeamMusicPlayerExample.app */ = {isa = PBXFileReference; explicitFileType = wrapper.application; includeInIndex = 0; path = BeamMusicPlayerExample.app; sourceTree = BUILT_PRODUCTS_DIR; };
		97B7AA3215760AAF0014E693 /* UIKit.framework */ = {isa = PBXFileReference; lastKnownFileType = wrapper.framework; name = UIKit.framework; path = System/Library/Frameworks/UIKit.framework; sourceTree = SDKROOT; };
		97B7AA3415760AAF0014E693 /* Foundation.framework */ = {isa = PBXFileReference; lastKnownFileType = wrapper.framework; name = Foundation.framework; path = System/Library/Frameworks/Foundation.framework; sourceTree = SDKROOT; };
		97B7AA3615760AAF0014E693 /* CoreGraphics.framework */ = {isa = PBXFileReference; lastKnownFileType = wrapper.framework; name = CoreGraphics.framework; path = System/Library/Frameworks/CoreGraphics.framework; sourceTree = SDKROOT; };
		97B7AA3A15760AAF0014E693 /* BeamMusicPlayerExample-Info.plist */ = {isa = PBXFileReference; lastKnownFileType = text.plist.xml; path = "BeamMusicPlayerExample-Info.plist"; sourceTree = "<group>"; };
		97B7AA3C15760AAF0014E693 /* en */ = {isa = PBXFileReference; lastKnownFileType = text.plist.strings; name = en; path = en.lproj/InfoPlist.strings; sourceTree = "<group>"; };
		97B7AA3E15760AAF0014E693 /* main.m */ = {isa = PBXFileReference; lastKnownFileType = sourcecode.c.objc; path = main.m; sourceTree = "<group>"; };
		97B7AA4015760AAF0014E693 /* BeamMusicPlayerExample-Prefix.pch */ = {isa = PBXFileReference; lastKnownFileType = sourcecode.c.h; path = "BeamMusicPlayerExample-Prefix.pch"; sourceTree = "<group>"; };
		97B7AA4115760AAF0014E693 /* BeamAppDelegate.h */ = {isa = PBXFileReference; lastKnownFileType = sourcecode.c.h; path = BeamAppDelegate.h; sourceTree = "<group>"; };
		97B7AA4215760AAF0014E693 /* BeamAppDelegate.m */ = {isa = PBXFileReference; lastKnownFileType = sourcecode.c.objc; path = BeamAppDelegate.m; sourceTree = "<group>"; };
		97B7AA5215760AAF0014E693 /* BeamMusicPlayerExampleTests.octest */ = {isa = PBXFileReference; explicitFileType = wrapper.cfbundle; includeInIndex = 0; path = BeamMusicPlayerExampleTests.octest; sourceTree = BUILT_PRODUCTS_DIR; };
		97B7AA5315760AAF0014E693 /* SenTestingKit.framework */ = {isa = PBXFileReference; lastKnownFileType = wrapper.framework; name = SenTestingKit.framework; path = Library/Frameworks/SenTestingKit.framework; sourceTree = DEVELOPER_DIR; };
		97B7AA5B15760AAF0014E693 /* BeamMusicPlayerExampleTests-Info.plist */ = {isa = PBXFileReference; lastKnownFileType = text.plist.xml; path = "BeamMusicPlayerExampleTests-Info.plist"; sourceTree = "<group>"; };
		97B7AA5D15760AAF0014E693 /* en */ = {isa = PBXFileReference; lastKnownFileType = text.plist.strings; name = en; path = en.lproj/InfoPlist.strings; sourceTree = "<group>"; };
		97B7AA5F15760AAF0014E693 /* BeamMusicPlayerExampleTests.h */ = {isa = PBXFileReference; lastKnownFileType = sourcecode.c.h; path = BeamMusicPlayerExampleTests.h; sourceTree = "<group>"; };
		97B7AA6015760AAF0014E693 /* BeamMusicPlayerExampleTests.m */ = {isa = PBXFileReference; lastKnownFileType = sourcecode.c.objc; path = BeamMusicPlayerExampleTests.m; sourceTree = "<group>"; };
		97CA27F81577587A003D8938 /* BeamMusicPlayerViewController_iPhone.xib */ = {isa = PBXFileReference; fileEncoding = 4; lastKnownFileType = file.xib; path = BeamMusicPlayerViewController_iPhone.xib; sourceTree = "<group>"; };
		97CA27FB1577588D003D8938 /* BeamMusicPlayerViewController_iPad.xib */ = {isa = PBXFileReference; fileEncoding = 4; lastKnownFileType = file.xib; path = BeamMusicPlayerViewController_iPad.xib; sourceTree = "<group>"; };
		97CA281A15778872003D8938 /* NSDateFormatter+Duration.h */ = {isa = PBXFileReference; fileEncoding = 4; lastKnownFileType = sourcecode.c.h; name = "NSDateFormatter+Duration.h"; path = "BeamMusicPlayerExample/Source/NSDateFormatter+Duration.h"; sourceTree = "<group>"; };
		97CA281B15778872003D8938 /* NSDateFormatter+Duration.m */ = {isa = PBXFileReference; fileEncoding = 4; lastKnownFileType = sourcecode.c.objc; name = "NSDateFormatter+Duration.m"; path = "BeamMusicPlayerExample/Source/NSDateFormatter+Duration.m"; sourceTree = "<group>"; };
		97CA28251577AF31003D8938 /* shadow.png */ = {isa = PBXFileReference; lastKnownFileType = image.png; path = shadow.png; sourceTree = "<group>"; };
		97CA28271577AFE0003D8938 /* shadow_highlight.png */ = {isa = PBXFileReference; lastKnownFileType = image.png; path = shadow_highlight.png; sourceTree = "<group>"; };
		97CA28291577B68B003D8938 /* BeamIpodExampleProvider.h */ = {isa = PBXFileReference; fileEncoding = 4; lastKnownFileType = sourcecode.c.h; name = BeamIpodExampleProvider.h; path = Source/BeamIpodExampleProvider.h; sourceTree = "<group>"; };
		97CA282A1577B68B003D8938 /* BeamIpodExampleProvider.m */ = {isa = PBXFileReference; fileEncoding = 4; lastKnownFileType = sourcecode.c.objc; name = BeamIpodExampleProvider.m; path = Source/BeamIpodExampleProvider.m; sourceTree = "<group>"; };
		97CA282C1577B6A9003D8938 /* MediaPlayer.framework */ = {isa = PBXFileReference; lastKnownFileType = wrapper.framework; name = MediaPlayer.framework; path = System/Library/Frameworks/MediaPlayer.framework; sourceTree = SDKROOT; };
		97DE4F191576212900D077E3 /* volume-slider-fat-filled@2x.png */ = {isa = PBXFileReference; lastKnownFileType = image.png; path = "volume-slider-fat-filled@2x.png"; sourceTree = "<group>"; };
		97DE4F1A1576212900D077E3 /* volume-slider-fat-unfilled@2x.png */ = {isa = PBXFileReference; lastKnownFileType = image.png; path = "volume-slider-fat-unfilled@2x.png"; sourceTree = "<group>"; };
		97DE4F1B1576212900D077E3 /* VolumeBlueCap@2x.png */ = {isa = PBXFileReference; lastKnownFileType = image.png; path = "VolumeBlueCap@2x.png"; sourceTree = "<group>"; };
		97DE4F1C1576212900D077E3 /* VolumeBlueFill@2x.png */ = {isa = PBXFileReference; lastKnownFileType = image.png; path = "VolumeBlueFill@2x.png"; sourceTree = "<group>"; };
		97DE4F1D1576212900D077E3 /* VolumeBlueTrack@2x.png */ = {isa = PBXFileReference; lastKnownFileType = image.png; path = "VolumeBlueTrack@2x.png"; sourceTree = "<group>"; };
		97DE4F1E1576212900D077E3 /* VolumeKnob@2x.png */ = {isa = PBXFileReference; lastKnownFileType = image.png; path = "VolumeKnob@2x.png"; sourceTree = "<group>"; };
		97DE4F1F1576212900D077E3 /* VolumeWhiteMusicCap@2x.png */ = {isa = PBXFileReference; lastKnownFileType = image.png; path = "VolumeWhiteMusicCap@2x.png"; sourceTree = "<group>"; };
		97DE4F201576212900D077E3 /* VolumeWhiteMusicFill@2x.png */ = {isa = PBXFileReference; lastKnownFileType = image.png; path = "VolumeWhiteMusicFill@2x.png"; sourceTree = "<group>"; };
		97DE4F211576212900D077E3 /* VolumeWhiteTrack@2x.png */ = {isa = PBXFileReference; lastKnownFileType = image.png; path = "VolumeWhiteTrack@2x.png"; sourceTree = "<group>"; };
		97DE4F3015762CC200D077E3 /* OBSlider.h */ = {isa = PBXFileReference; fileEncoding = 4; lastKnownFileType = sourcecode.c.h; path = OBSlider.h; sourceTree = "<group>"; };
		97DE4F3115762CC200D077E3 /* OBSlider.m */ = {isa = PBXFileReference; fileEncoding = 4; lastKnownFileType = sourcecode.c.objc; path = OBSlider.m; sourceTree = "<group>"; };
		97DE4F3315762E5100D077E3 /* noartplaceholder@2x.png */ = {isa = PBXFileReference; lastKnownFileType = image.png; path = "noartplaceholder@2x.png"; sourceTree = "<group>"; };
		97DE4F3615763A0F00D077E3 /* UIImageView+Reflection.h */ = {isa = PBXFileReference; fileEncoding = 4; lastKnownFileType = sourcecode.c.h; name = "UIImageView+Reflection.h"; path = "BeamMusicPlayerExample/Source/UIImageView+Reflection.h"; sourceTree = "<group>"; };
		97DE4F3715763A0F00D077E3 /* UIImageView+Reflection.m */ = {isa = PBXFileReference; fileEncoding = 4; lastKnownFileType = sourcecode.c.objc; name = "UIImageView+Reflection.m"; path = "BeamMusicPlayerExample/Source/UIImageView+Reflection.m"; sourceTree = "<group>"; };
		97DE4F39157644EE00D077E3 /* play@2x.png */ = {isa = PBXFileReference; lastKnownFileType = image.png; path = "play@2x.png"; sourceTree = "<group>"; };
		97DE4F3B1576455600D077E3 /* nexttrack@2x.png */ = {isa = PBXFileReference; lastKnownFileType = image.png; path = "nexttrack@2x.png"; sourceTree = "<group>"; };
		97DE4F3C1576455600D077E3 /* pause@2x.png */ = {isa = PBXFileReference; lastKnownFileType = image.png; path = "pause@2x.png"; sourceTree = "<group>"; };
		97DE4F3D1576455600D077E3 /* prevtrack@2x.png */ = {isa = PBXFileReference; lastKnownFileType = image.png; path = "prevtrack@2x.png"; sourceTree = "<group>"; };
		97E9DA5F157674C000620689 /* shuffle_off@2x.png */ = {isa = PBXFileReference; lastKnownFileType = image.png; path = "shuffle_off@2x.png"; sourceTree = "<group>"; };
		97E9DA60157674C000620689 /* shuffle_on@2x.png */ = {isa = PBXFileReference; lastKnownFileType = image.png; path = "shuffle_on@2x.png"; sourceTree = "<group>"; };
		97E9DA64157674D000620689 /* repeat_off@2x.png */ = {isa = PBXFileReference; lastKnownFileType = image.png; path = "repeat_off@2x.png"; sourceTree = "<group>"; };
		97E9DA65157674D000620689 /* repeat_on_1@2x.png */ = {isa = PBXFileReference; lastKnownFileType = image.png; path = "repeat_on_1@2x.png"; sourceTree = "<group>"; };
		97E9DA66157674D000620689 /* repeat_on@2x.png */ = {isa = PBXFileReference; lastKnownFileType = image.png; path = "repeat_on@2x.png"; sourceTree = "<group>"; };
		97E9DA6A1576754400620689 /* scrubberglow@2x.png */ = {isa = PBXFileReference; lastKnownFileType = image.png; path = "scrubberglow@2x.png"; sourceTree = "<group>"; };
		CB35A6F81576916C008318EE /* BeamMusicPlayerDataSource.h */ = {isa = PBXFileReference; fileEncoding = 4; lastKnownFileType = sourcecode.c.h; path = BeamMusicPlayerDataSource.h; sourceTree = "<group>"; };
		CB35A6F91576916C008318EE /* BeamMusicPlayerDelegate.h */ = {isa = PBXFileReference; fileEncoding = 4; lastKnownFileType = sourcecode.c.h; path = BeamMusicPlayerDelegate.h; sourceTree = "<group>"; };
		CB35A6FD1576918F008318EE /* BeamMusicPlayerViewController.h */ = {isa = PBXFileReference; fileEncoding = 4; lastKnownFileType = sourcecode.c.h; path = BeamMusicPlayerViewController.h; sourceTree = "<group>"; };
		CB35A6FE1576918F008318EE /* BeamMusicPlayerViewController.m */ = {isa = PBXFileReference; fileEncoding = 4; lastKnownFileType = sourcecode.c.objc; path = BeamMusicPlayerViewController.m; sourceTree = "<group>"; };
/* End PBXFileReference section */

/* Begin PBXFrameworksBuildPhase section */
		97B7AA2B15760AAF0014E693 /* Frameworks */ = {
			isa = PBXFrameworksBuildPhase;
			buildActionMask = 2147483647;
			files = (
				9755DAA21578C2BE00B5431E /* QuartzCore.framework in Frameworks */,
				97CA282D1577B6A9003D8938 /* MediaPlayer.framework in Frameworks */,
				97B7AA3315760AAF0014E693 /* UIKit.framework in Frameworks */,
				97B7AA3515760AAF0014E693 /* Foundation.framework in Frameworks */,
				97B7AA3715760AAF0014E693 /* CoreGraphics.framework in Frameworks */,
			);
			runOnlyForDeploymentPostprocessing = 0;
		};
		97B7AA4E15760AAF0014E693 /* Frameworks */ = {
			isa = PBXFrameworksBuildPhase;
			buildActionMask = 2147483647;
			files = (
				97B7AA5415760AAF0014E693 /* SenTestingKit.framework in Frameworks */,
				97B7AA5515760AAF0014E693 /* UIKit.framework in Frameworks */,
				97B7AA5615760AAF0014E693 /* Foundation.framework in Frameworks */,
			);
			runOnlyForDeploymentPostprocessing = 0;
		};
/* End PBXFrameworksBuildPhase section */

/* Begin PBXGroup section */
		9708EED11579143C0097F43F /* Example */ = {
			isa = PBXGroup;
			children = (
				97CA28291577B68B003D8938 /* BeamIpodExampleProvider.h */,
				97CA282A1577B68B003D8938 /* BeamIpodExampleProvider.m */,
				9708EED31579146F0097F43F /* BeamMinimalExampleProvider.h */,
				9708EED41579146F0097F43F /* BeamMinimalExampleProvider.m */,
			);
			name = Example;
			sourceTree = "<group>";
		};
		9755DA9A1578BB9700B5431E /* AutoScrollLabel */ = {
			isa = PBXGroup;
			children = (
				9755DA9B1578BBA700B5431E /* AutoScrollLabel.h */,
				9755DA9C1578BBA700B5431E /* AutoScrollLabel.m */,
			);
			name = AutoScrollLabel;
			sourceTree = "<group>";
		};
		97B7AA2315760AAD0014E693 = {
			isa = PBXGroup;
			children = (
				9755DAA11578C2BE00B5431E /* QuartzCore.framework */,
				97CA282C1577B6A9003D8938 /* MediaPlayer.framework */,
				97B7AA3815760AAF0014E693 /* BeamMusicPlayerExample */,
				97B7AA5915760AAF0014E693 /* BeamMusicPlayerExampleTests */,
				97B7AA3115760AAF0014E693 /* Frameworks */,
				97B7AA2F15760AAF0014E693 /* Products */,
			);
			sourceTree = "<group>";
		};
		97B7AA2F15760AAF0014E693 /* Products */ = {
			isa = PBXGroup;
			children = (
				97B7AA2E15760AAF0014E693 /* BeamMusicPlayerExample.app */,
				97B7AA5215760AAF0014E693 /* BeamMusicPlayerExampleTests.octest */,
			);
			name = Products;
			sourceTree = "<group>";
		};
		97B7AA3115760AAF0014E693 /* Frameworks */ = {
			isa = PBXGroup;
			children = (
				97B7AA3215760AAF0014E693 /* UIKit.framework */,
				97B7AA3415760AAF0014E693 /* Foundation.framework */,
				97B7AA3615760AAF0014E693 /* CoreGraphics.framework */,
				97B7AA5315760AAF0014E693 /* SenTestingKit.framework */,
			);
			name = Frameworks;
			sourceTree = "<group>";
		};
		97B7AA3815760AAF0014E693 /* BeamMusicPlayerExample */ = {
			isa = PBXGroup;
			children = (
				9708EED11579143C0097F43F /* Example */,
				97DE4F35157639FC00D077E3 /* Categories */,
				97DE4F2E15762CB200D077E3 /* 3rd Party */,
				97DE4F181576212900D077E3 /* Resources */,
				97E9DA6C157682A700620689 /* Music Player */,
				97B7AA4115760AAF0014E693 /* BeamAppDelegate.h */,
				97B7AA4215760AAF0014E693 /* BeamAppDelegate.m */,
				97B7AA3915760AAF0014E693 /* Supporting Files */,
			);
			path = BeamMusicPlayerExample;
			sourceTree = "<group>";
		};
		97B7AA3915760AAF0014E693 /* Supporting Files */ = {
			isa = PBXGroup;
			children = (
				97B7AA3A15760AAF0014E693 /* BeamMusicPlayerExample-Info.plist */,
				97B7AA3B15760AAF0014E693 /* InfoPlist.strings */,
				97B7AA3E15760AAF0014E693 /* main.m */,
				97B7AA4015760AAF0014E693 /* BeamMusicPlayerExample-Prefix.pch */,
			);
			name = "Supporting Files";
			sourceTree = "<group>";
		};
		97B7AA5915760AAF0014E693 /* BeamMusicPlayerExampleTests */ = {
			isa = PBXGroup;
			children = (
				97B7AA5F15760AAF0014E693 /* BeamMusicPlayerExampleTests.h */,
				97B7AA6015760AAF0014E693 /* BeamMusicPlayerExampleTests.m */,
				97B7AA5A15760AAF0014E693 /* Supporting Files */,
			);
			path = BeamMusicPlayerExampleTests;
			sourceTree = "<group>";
		};
		97B7AA5A15760AAF0014E693 /* Supporting Files */ = {
			isa = PBXGroup;
			children = (
				97B7AA5B15760AAF0014E693 /* BeamMusicPlayerExampleTests-Info.plist */,
				97B7AA5C15760AAF0014E693 /* InfoPlist.strings */,
			);
			name = "Supporting Files";
			sourceTree = "<group>";
		};
		97DE4F181576212900D077E3 /* Resources */ = {
			isa = PBXGroup;
			children = (
				9755DA9F1578C20800B5431E /* fade_overlay@2x.png */,
				97E9DA6A1576754400620689 /* scrubberglow@2x.png */,
				97E9DA64157674D000620689 /* repeat_off@2x.png */,
				97E9DA65157674D000620689 /* repeat_on_1@2x.png */,
				97E9DA66157674D000620689 /* repeat_on@2x.png */,
				97E9DA5F157674C000620689 /* shuffle_off@2x.png */,
				97E9DA60157674C000620689 /* shuffle_on@2x.png */,
				97DE4F3B1576455600D077E3 /* nexttrack@2x.png */,
				97DE4F3C1576455600D077E3 /* pause@2x.png */,
				97DE4F3D1576455600D077E3 /* prevtrack@2x.png */,
				97DE4F39157644EE00D077E3 /* play@2x.png */,
				97DE4F3315762E5100D077E3 /* noartplaceholder@2x.png */,
				97DE4F191576212900D077E3 /* volume-slider-fat-filled@2x.png */,
				97DE4F1A1576212900D077E3 /* volume-slider-fat-unfilled@2x.png */,
				97DE4F1B1576212900D077E3 /* VolumeBlueCap@2x.png */,
				97DE4F1C1576212900D077E3 /* VolumeBlueFill@2x.png */,
				97DE4F1D1576212900D077E3 /* VolumeBlueTrack@2x.png */,
				97DE4F1E1576212900D077E3 /* VolumeKnob@2x.png */,
				97DE4F1F1576212900D077E3 /* VolumeWhiteMusicCap@2x.png */,
				97DE4F201576212900D077E3 /* VolumeWhiteMusicFill@2x.png */,
				97DE4F211576212900D077E3 /* VolumeWhiteTrack@2x.png */,
				97CA28251577AF31003D8938 /* shadow.png */,
				97CA28271577AFE0003D8938 /* shadow_highlight.png */,
			);
			path = Resources;
			sourceTree = "<group>";
		};
		97DE4F2E15762CB200D077E3 /* 3rd Party */ = {
			isa = PBXGroup;
			children = (
				9755DA9A1578BB9700B5431E /* AutoScrollLabel */,
				97DE4F2F15762CC200D077E3 /* OBSlider */,
			);
			name = "3rd Party";
			path = ..;
			sourceTree = "<group>";
		};
		97DE4F2F15762CC200D077E3 /* OBSlider */ = {
			isa = PBXGroup;
			children = (
				97DE4F3015762CC200D077E3 /* OBSlider.h */,
				97DE4F3115762CC200D077E3 /* OBSlider.m */,
			);
			name = OBSlider;
			path = OBSlider/OBSlider;
			sourceTree = "<group>";
		};
		97DE4F35157639FC00D077E3 /* Categories */ = {
			isa = PBXGroup;
			children = (
				97DE4F3615763A0F00D077E3 /* UIImageView+Reflection.h */,
				97DE4F3715763A0F00D077E3 /* UIImageView+Reflection.m */,
				97CA281A15778872003D8938 /* NSDateFormatter+Duration.h */,
				97CA281B15778872003D8938 /* NSDateFormatter+Duration.m */,
			);
			name = Categories;
			path = ..;
			sourceTree = "<group>";
		};
		97E9DA6C157682A700620689 /* Music Player */ = {
			isa = PBXGroup;
			children = (
				97CA27FB1577588D003D8938 /* BeamMusicPlayerViewController_iPad.xib */,
				97CA27F81577587A003D8938 /* BeamMusicPlayerViewController_iPhone.xib */,
				CB35A6FD1576918F008318EE /* BeamMusicPlayerViewController.h */,
				CB35A6FE1576918F008318EE /* BeamMusicPlayerViewController.m */,
				CB35A6F81576916C008318EE /* BeamMusicPlayerDataSource.h */,
				CB35A6F91576916C008318EE /* BeamMusicPlayerDelegate.h */,
			);
			name = "Music Player";
			path = Source;
			sourceTree = "<group>";
		};
/* End PBXGroup section */

/* Begin PBXLegacyTarget section */
		CB35A70015769221008318EE /* appledoc */ = {
			isa = PBXLegacyTarget;
			buildArgumentsString = "--project-name BeamMusicPlayerViewController --project-company \"BeamApp UG\" --company-id com.beamapp --output ${PROJECT_DIR}/Documentation --no-create-docset --no-repeat-first-par --logformat xcode ${PROJECT_DIR}/BeamMusicPlayerExample/Source/BeamMusicPlayerViewController.h ${PROJECT_DIR}/BeamMusicPlayerExample/Source/BeamMusicPlayerDataSource.h ${PROJECT_DIR}/BeamMusicPlayerExample/Source/BeamMusicPlayerDelegate.h";
			buildConfigurationList = CB35A70115769221008318EE /* Build configuration list for PBXLegacyTarget "appledoc" */;
			buildPhases = (
			);
			buildToolPath = /usr/local/bin/appledoc;
			buildWorkingDirectory = "";
			dependencies = (
			);
			name = appledoc;
			passBuildSettingsInEnvironment = 1;
			productName = appledoc;
		};
/* End PBXLegacyTarget section */

/* Begin PBXNativeTarget section */
		97B7AA2D15760AAF0014E693 /* BeamMusicPlayerExample */ = {
			isa = PBXNativeTarget;
			buildConfigurationList = 97B7AA6415760AAF0014E693 /* Build configuration list for PBXNativeTarget "BeamMusicPlayerExample" */;
			buildPhases = (
				97B7AA2A15760AAF0014E693 /* Sources */,
				97B7AA2B15760AAF0014E693 /* Frameworks */,
				97B7AA2C15760AAF0014E693 /* Resources */,
			);
			buildRules = (
			);
			dependencies = (
			);
			name = BeamMusicPlayerExample;
			productName = BeamMusicPlayerExample;
			productReference = 97B7AA2E15760AAF0014E693 /* BeamMusicPlayerExample.app */;
			productType = "com.apple.product-type.application";
		};
		97B7AA5115760AAF0014E693 /* BeamMusicPlayerExampleTests */ = {
			isa = PBXNativeTarget;
			buildConfigurationList = 97B7AA6715760AAF0014E693 /* Build configuration list for PBXNativeTarget "BeamMusicPlayerExampleTests" */;
			buildPhases = (
				97B7AA4D15760AAF0014E693 /* Sources */,
				97B7AA4E15760AAF0014E693 /* Frameworks */,
				97B7AA4F15760AAF0014E693 /* Resources */,
				97B7AA5015760AAF0014E693 /* ShellScript */,
			);
			buildRules = (
			);
			dependencies = (
				97B7AA5815760AAF0014E693 /* PBXTargetDependency */,
			);
			name = BeamMusicPlayerExampleTests;
			productName = BeamMusicPlayerExampleTests;
			productReference = 97B7AA5215760AAF0014E693 /* BeamMusicPlayerExampleTests.octest */;
			productType = "com.apple.product-type.bundle";
		};
/* End PBXNativeTarget section */

/* Begin PBXProject section */
		97B7AA2515760AAD0014E693 /* Project object */ = {
			isa = PBXProject;
			attributes = {
				CLASSPREFIX = Beam;
				LastUpgradeCheck = 0440;
				ORGANIZATIONNAME = n/a;
			};
			buildConfigurationList = 97B7AA2815760AAD0014E693 /* Build configuration list for PBXProject "BeamMusicPlayerExample" */;
			compatibilityVersion = "Xcode 3.2";
			developmentRegion = English;
			hasScannedForEncodings = 0;
			knownRegions = (
				en,
			);
			mainGroup = 97B7AA2315760AAD0014E693;
			productRefGroup = 97B7AA2F15760AAF0014E693 /* Products */;
			projectDirPath = "";
			projectRoot = "";
			targets = (
				97B7AA2D15760AAF0014E693 /* BeamMusicPlayerExample */,
				97B7AA5115760AAF0014E693 /* BeamMusicPlayerExampleTests */,
				CB35A70015769221008318EE /* appledoc */,
			);
		};
/* End PBXProject section */

/* Begin PBXResourcesBuildPhase section */
		97B7AA2C15760AAF0014E693 /* Resources */ = {
			isa = PBXResourcesBuildPhase;
			buildActionMask = 2147483647;
			files = (
				97B7AA3D15760AAF0014E693 /* InfoPlist.strings in Resources */,
				97DE4F221576212900D077E3 /* volume-slider-fat-filled@2x.png in Resources */,
				97DE4F231576212900D077E3 /* volume-slider-fat-unfilled@2x.png in Resources */,
				97DE4F241576212900D077E3 /* VolumeBlueCap@2x.png in Resources */,
				97DE4F251576212900D077E3 /* VolumeBlueFill@2x.png in Resources */,
				97DE4F261576212900D077E3 /* VolumeBlueTrack@2x.png in Resources */,
				97DE4F271576212900D077E3 /* VolumeKnob@2x.png in Resources */,
				97DE4F281576212900D077E3 /* VolumeWhiteMusicCap@2x.png in Resources */,
				97DE4F291576212900D077E3 /* VolumeWhiteMusicFill@2x.png in Resources */,
				97DE4F2A1576212900D077E3 /* VolumeWhiteTrack@2x.png in Resources */,
				97DE4F3415762E5100D077E3 /* noartplaceholder@2x.png in Resources */,
				97DE4F3A157644EE00D077E3 /* play@2x.png in Resources */,
				97DE4F3E1576455600D077E3 /* nexttrack@2x.png in Resources */,
				97DE4F3F1576455600D077E3 /* pause@2x.png in Resources */,
				97DE4F401576455600D077E3 /* prevtrack@2x.png in Resources */,
				97E9DA61157674C000620689 /* shuffle_off@2x.png in Resources */,
				97E9DA62157674C000620689 /* shuffle_on@2x.png in Resources */,
				97E9DA67157674D000620689 /* repeat_off@2x.png in Resources */,
				97E9DA68157674D000620689 /* repeat_on_1@2x.png in Resources */,
				97E9DA69157674D000620689 /* repeat_on@2x.png in Resources */,
				97E9DA6B1576754400620689 /* scrubberglow@2x.png in Resources */,
				97CA27F91577587A003D8938 /* BeamMusicPlayerViewController_iPhone.xib in Resources */,
				97CA27FC1577588D003D8938 /* BeamMusicPlayerViewController_iPad.xib in Resources */,
				97CA28261577AF31003D8938 /* shadow.png in Resources */,
				97CA28281577AFE0003D8938 /* shadow_highlight.png in Resources */,
				9755DAA01578C20800B5431E /* fade_overlay@2x.png in Resources */,
			);
			runOnlyForDeploymentPostprocessing = 0;
		};
		97B7AA4F15760AAF0014E693 /* Resources */ = {
			isa = PBXResourcesBuildPhase;
			buildActionMask = 2147483647;
			files = (
				97B7AA5E15760AAF0014E693 /* InfoPlist.strings in Resources */,
			);
			runOnlyForDeploymentPostprocessing = 0;
		};
/* End PBXResourcesBuildPhase section */

/* Begin PBXShellScriptBuildPhase section */
		97B7AA5015760AAF0014E693 /* ShellScript */ = {
			isa = PBXShellScriptBuildPhase;
			buildActionMask = 2147483647;
			files = (
			);
			inputPaths = (
			);
			outputPaths = (
			);
			runOnlyForDeploymentPostprocessing = 0;
			shellPath = /bin/sh;
			shellScript = "# Run the unit tests in this test bundle.\n\"${SYSTEM_DEVELOPER_DIR}/Tools/RunUnitTests\"\n";
		};
/* End PBXShellScriptBuildPhase section */

/* Begin PBXSourcesBuildPhase section */
		97B7AA2A15760AAF0014E693 /* Sources */ = {
			isa = PBXSourcesBuildPhase;
			buildActionMask = 2147483647;
			files = (
				97B7AA3F15760AAF0014E693 /* main.m in Sources */,
				97B7AA4315760AAF0014E693 /* BeamAppDelegate.m in Sources */,
				97DE4F3215762CC200D077E3 /* OBSlider.m in Sources */,
				97DE4F3815763A0F00D077E3 /* UIImageView+Reflection.m in Sources */,
				CB35A6FF1576918F008318EE /* BeamMusicPlayerViewController.m in Sources */,
				97CA281C15778872003D8938 /* NSDateFormatter+Duration.m in Sources */,
				97CA282B1577B68B003D8938 /* BeamIpodExampleProvider.m in Sources */,
				9755DA9E1578BE2800B5431E /* AutoScrollLabel.m in Sources */,
				9708EED51579146F0097F43F /* BeamMinimalExampleProvider.m in Sources */,
			);
			runOnlyForDeploymentPostprocessing = 0;
		};
		97B7AA4D15760AAF0014E693 /* Sources */ = {
			isa = PBXSourcesBuildPhase;
			buildActionMask = 2147483647;
			files = (
				97B7AA6115760AAF0014E693 /* BeamMusicPlayerExampleTests.m in Sources */,
			);
			runOnlyForDeploymentPostprocessing = 0;
		};
/* End PBXSourcesBuildPhase section */

/* Begin PBXTargetDependency section */
		97B7AA5815760AAF0014E693 /* PBXTargetDependency */ = {
			isa = PBXTargetDependency;
			target = 97B7AA2D15760AAF0014E693 /* BeamMusicPlayerExample */;
			targetProxy = 97B7AA5715760AAF0014E693 /* PBXContainerItemProxy */;
		};
/* End PBXTargetDependency section */

/* Begin PBXVariantGroup section */
		97B7AA3B15760AAF0014E693 /* InfoPlist.strings */ = {
			isa = PBXVariantGroup;
			children = (
				97B7AA3C15760AAF0014E693 /* en */,
			);
			name = InfoPlist.strings;
			sourceTree = "<group>";
		};
		97B7AA5C15760AAF0014E693 /* InfoPlist.strings */ = {
			isa = PBXVariantGroup;
			children = (
				97B7AA5D15760AAF0014E693 /* en */,
			);
			name = InfoPlist.strings;
			sourceTree = "<group>";
		};
/* End PBXVariantGroup section */

/* Begin XCBuildConfiguration section */
		97B7AA6215760AAF0014E693 /* Debug */ = {
			isa = XCBuildConfiguration;
			buildSettings = {
				ALWAYS_SEARCH_USER_PATHS = NO;
				ARCHS = "$(ARCHS_STANDARD_32_BIT)";
				CLANG_ENABLE_OBJC_ARC = YES;
				CLANG_WARN__DUPLICATE_METHOD_MATCH = YES;
				"CODE_SIGN_IDENTITY[sdk=iphoneos*]" = "iPhone Developer";
				COPY_PHASE_STRIP = NO;
				GCC_C_LANGUAGE_STANDARD = gnu99;
				GCC_DYNAMIC_NO_PIC = NO;
				GCC_OPTIMIZATION_LEVEL = 0;
				GCC_PREPROCESSOR_DEFINITIONS = (
					"DEBUG=1",
					"$(inherited)",
				);
				GCC_SYMBOLS_PRIVATE_EXTERN = NO;
				GCC_VERSION = com.apple.compilers.llvm.clang.1_0;
				GCC_WARN_ABOUT_RETURN_TYPE = YES;
				GCC_WARN_UNINITIALIZED_AUTOS = YES;
				GCC_WARN_UNUSED_VARIABLE = YES;
				IPHONEOS_DEPLOYMENT_TARGET = 5.1;
				SDKROOT = iphoneos;
				TARGETED_DEVICE_FAMILY = "1,2";
			};
			name = Debug;
		};
		97B7AA6315760AAF0014E693 /* Release */ = {
			isa = XCBuildConfiguration;
			buildSettings = {
				ALWAYS_SEARCH_USER_PATHS = NO;
				ARCHS = "$(ARCHS_STANDARD_32_BIT)";
				CLANG_ENABLE_OBJC_ARC = YES;
				CLANG_WARN__DUPLICATE_METHOD_MATCH = YES;
				"CODE_SIGN_IDENTITY[sdk=iphoneos*]" = "iPhone Developer";
				COPY_PHASE_STRIP = YES;
				GCC_C_LANGUAGE_STANDARD = gnu99;
				GCC_VERSION = com.apple.compilers.llvm.clang.1_0;
				GCC_WARN_ABOUT_RETURN_TYPE = YES;
				GCC_WARN_UNINITIALIZED_AUTOS = YES;
				GCC_WARN_UNUSED_VARIABLE = YES;
				IPHONEOS_DEPLOYMENT_TARGET = 5.1;
				OTHER_CFLAGS = "-DNS_BLOCK_ASSERTIONS=1";
				SDKROOT = iphoneos;
				TARGETED_DEVICE_FAMILY = "1,2";
				VALIDATE_PRODUCT = YES;
			};
			name = Release;
		};
		97B7AA6515760AAF0014E693 /* Debug */ = {
			isa = XCBuildConfiguration;
			buildSettings = {
				CODE_SIGN_IDENTITY = "iPhone Developer";
				GCC_PRECOMPILE_PREFIX_HEADER = YES;
				GCC_PREFIX_HEADER = "BeamMusicPlayerExample/BeamMusicPlayerExample-Prefix.pch";
				INFOPLIST_FILE = "BeamMusicPlayerExample/BeamMusicPlayerExample-Info.plist";
				PRODUCT_NAME = "$(TARGET_NAME)";
				PROVISIONING_PROFILE = "";
				WRAPPER_EXTENSION = app;
			};
			name = Debug;
		};
		97B7AA6615760AAF0014E693 /* Release */ = {
			isa = XCBuildConfiguration;
			buildSettings = {
				CODE_SIGN_IDENTITY = "iPhone Developer";
				GCC_PRECOMPILE_PREFIX_HEADER = YES;
				GCC_PREFIX_HEADER = "BeamMusicPlayerExample/BeamMusicPlayerExample-Prefix.pch";
				INFOPLIST_FILE = "BeamMusicPlayerExample/BeamMusicPlayerExample-Info.plist";
				PRODUCT_NAME = "$(TARGET_NAME)";
				PROVISIONING_PROFILE = "";
				WRAPPER_EXTENSION = app;
			};
			name = Release;
		};
		97B7AA6815760AAF0014E693 /* Debug */ = {
			isa = XCBuildConfiguration;
			buildSettings = {
				BUNDLE_LOADER = "$(BUILT_PRODUCTS_DIR)/BeamMusicPlayerExample.app/BeamMusicPlayerExample";
				FRAMEWORK_SEARCH_PATHS = (
					"$(SDKROOT)/Developer/Library/Frameworks",
					"$(DEVELOPER_LIBRARY_DIR)/Frameworks",
				);
				GCC_PRECOMPILE_PREFIX_HEADER = YES;
				GCC_PREFIX_HEADER = "BeamMusicPlayerExample/BeamMusicPlayerExample-Prefix.pch";
				INFOPLIST_FILE = "BeamMusicPlayerExampleTests/BeamMusicPlayerExampleTests-Info.plist";
				PRODUCT_NAME = "$(TARGET_NAME)";
				TEST_HOST = "$(BUNDLE_LOADER)";
				WRAPPER_EXTENSION = octest;
			};
			name = Debug;
		};
		97B7AA6915760AAF0014E693 /* Release */ = {
			isa = XCBuildConfiguration;
			buildSettings = {
				BUNDLE_LOADER = "$(BUILT_PRODUCTS_DIR)/BeamMusicPlayerExample.app/BeamMusicPlayerExample";
				FRAMEWORK_SEARCH_PATHS = (
					"$(SDKROOT)/Developer/Library/Frameworks",
					"$(DEVELOPER_LIBRARY_DIR)/Frameworks",
				);
				GCC_PRECOMPILE_PREFIX_HEADER = YES;
				GCC_PREFIX_HEADER = "BeamMusicPlayerExample/BeamMusicPlayerExample-Prefix.pch";
				INFOPLIST_FILE = "BeamMusicPlayerExampleTests/BeamMusicPlayerExampleTests-Info.plist";
				PRODUCT_NAME = "$(TARGET_NAME)";
				TEST_HOST = "$(BUNDLE_LOADER)";
				WRAPPER_EXTENSION = octest;
			};
			name = Release;
		};
		CB35A70215769221008318EE /* Debug */ = {
			isa = XCBuildConfiguration;
			buildSettings = {
				ARCHS = "$(ARCHS_STANDARD_64_BIT)";
				DEBUGGING_SYMBOLS = YES;
				GCC_ENABLE_OBJC_EXCEPTIONS = YES;
				GCC_GENERATE_DEBUGGING_SYMBOLS = YES;
				GCC_OPTIMIZATION_LEVEL = 0;
				GCC_WARN_64_TO_32_BIT_CONVERSION = YES;
				MACOSX_DEPLOYMENT_TARGET = 10.7;
				ONLY_ACTIVE_ARCH = YES;
				OTHER_CFLAGS = "";
				OTHER_LDFLAGS = "";
				PRODUCT_NAME = "$(TARGET_NAME)";
				SDKROOT = macosx;
			};
			name = Debug;
		};
		CB35A70315769221008318EE /* Release */ = {
			isa = XCBuildConfiguration;
			buildSettings = {
				ARCHS = "$(ARCHS_STANDARD_64_BIT)";
				DEBUG_INFORMATION_FORMAT = "dwarf-with-dsym";
				GCC_ENABLE_OBJC_EXCEPTIONS = YES;
				GCC_WARN_64_TO_32_BIT_CONVERSION = YES;
				MACOSX_DEPLOYMENT_TARGET = 10.7;
				OTHER_CFLAGS = "";
				OTHER_LDFLAGS = "";
				PRODUCT_NAME = "$(TARGET_NAME)";
				SDKROOT = macosx;
			};
			name = Release;
		};
/* End XCBuildConfiguration section */

/* Begin XCConfigurationList section */
		97B7AA2815760AAD0014E693 /* Build configuration list for PBXProject "BeamMusicPlayerExample" */ = {
			isa = XCConfigurationList;
			buildConfigurations = (
				97B7AA6215760AAF0014E693 /* Debug */,
				97B7AA6315760AAF0014E693 /* Release */,
			);
			defaultConfigurationIsVisible = 0;
			defaultConfigurationName = Release;
		};
		97B7AA6415760AAF0014E693 /* Build configuration list for PBXNativeTarget "BeamMusicPlayerExample" */ = {
			isa = XCConfigurationList;
			buildConfigurations = (
				97B7AA6515760AAF0014E693 /* Debug */,
				97B7AA6615760AAF0014E693 /* Release */,
			);
			defaultConfigurationIsVisible = 0;
			defaultConfigurationName = Release;
		};
		97B7AA6715760AAF0014E693 /* Build configuration list for PBXNativeTarget "BeamMusicPlayerExampleTests" */ = {
			isa = XCConfigurationList;
			buildConfigurations = (
				97B7AA6815760AAF0014E693 /* Debug */,
				97B7AA6915760AAF0014E693 /* Release */,
			);
			defaultConfigurationIsVisible = 0;
			defaultConfigurationName = Release;
		};
		CB35A70115769221008318EE /* Build configuration list for PBXLegacyTarget "appledoc" */ = {
			isa = XCConfigurationList;
			buildConfigurations = (
				CB35A70215769221008318EE /* Debug */,
				CB35A70315769221008318EE /* Release */,
			);
			defaultConfigurationIsVisible = 0;
			defaultConfigurationName = Release;
		};
/* End XCConfigurationList section */
	};
	rootObject = 97B7AA2515760AAD0014E693 /* Project object */;
}
